
Microsoft Visual Studio Solution File, Format Version 12.00
# Visual Studio Version 17
VisualStudioVersion = 17.11.35222.181
MinimumVisualStudioVersion = 10.0.40219.1
Project("{FAE04EC0-301F-11D3-BF4B-00C04F79EFBC}") = "Console1125delegate", "Console1125delegate\Console1125delegate.csproj", "{FC169015-BE79-4A4E-B707-AA62E1DAB4EF}"
EndProject
Global
	GlobalSection(SolutionConfigurationPlatforms) = preSolution
		Debug|Any CPU = Debug|Any CPU
		Release|Any CPU = Release|Any CPU
	EndGlobalSection
	GlobalSection(ProjectConfigurationPlatforms) = postSolution
		{FC169015-BE79-4A4E-B707-AA62E1DAB4EF}.Debug|Any CPU.ActiveCfg = Debug|Any CPU
		{FC169015-BE79-4A4E-B707-AA62E1DAB4EF}.Debug|Any CPU.Build.0 = Debug|Any CPU
		{FC169015-BE79-4A4E-B707-AA62E1DAB4EF}.Release|Any CPU.ActiveCfg = Release|Any CPU
		{FC169015-BE79-4A4E-B707-AA62E1DAB4EF}.Release|Any CPU.Build.0 = Release|Any CPU
	EndGlobalSection
	GlobalSection(SolutionProperties) = preSolution
		HideSolutionNode = FALSE
	EndGlobalSection
	GlobalSection(ExtensibilityGlobals) = postSolution
		SolutionGuid = {A45AC48D-DE06-4B9B-92BD-E8EB79841CA9}
	EndGlobalSection
EndGlobal
